
Microsoft Visual Studio Solution File, Format Version 12.00
# Visual Studio 14
VisualStudioVersion = 14.0.25420.1
MinimumVisualStudioVersion = 10.0.40219.1
Project("{FAE04EC0-301F-11D3-BF4B-00C04F79EFBC}") = "Models", "Models\Models.csproj", "{50078B98-ED2F-49BB-8F67-F53E9773B1C1}"
EndProject
Project("{FAE04EC0-301F-11D3-BF4B-00C04F79EFBC}") = "ViewModels", "ViewModels\ViewModels.csproj", "{1A70C7C0-6CDE-429E-A81B-710B5541B1DB}"
EndProject
Project("{FAE04EC0-301F-11D3-BF4B-00C04F79EFBC}") = "Views", "Views\Views.csproj", "{467D5068-1128-4B8C-939C-2CF15B8DAF19}"
EndProject
Global
	GlobalSection(SolutionConfigurationPlatforms) = preSolution
		Debug|Any CPU = Debug|Any CPU
		Release|Any CPU = Release|Any CPU
	EndGlobalSection
	GlobalSection(ProjectConfigurationPlatforms) = postSolution
		{50078B98-ED2F-49BB-8F67-F53E9773B1C1}.Debug|Any CPU.ActiveCfg = Debug|Any CPU
		{50078B98-ED2F-49BB-8F67-F53E9773B1C1}.Debug|Any CPU.Build.0 = Debug|Any CPU
		{50078B98-ED2F-49BB-8F67-F53E9773B1C1}.Release|Any CPU.ActiveCfg = Release|Any CPU
		{50078B98-ED2F-49BB-8F67-F53E9773B1C1}.Release|Any CPU.Build.0 = Release|Any CPU
		{1A70C7C0-6CDE-429E-A81B-710B5541B1DB}.Debug|Any CPU.ActiveCfg = Debug|Any CPU
		{1A70C7C0-6CDE-429E-A81B-710B5541B1DB}.Debug|Any CPU.Build.0 = Debug|Any CPU
		{1A70C7C0-6CDE-429E-A81B-710B5541B1DB}.Release|Any CPU.ActiveCfg = Release|Any CPU
		{1A70C7C0-6CDE-429E-A81B-710B5541B1DB}.Release|Any CPU.Build.0 = Release|Any CPU
		{467D5068-1128-4B8C-939C-2CF15B8DAF19}.Debug|Any CPU.ActiveCfg = Debug|Any CPU
		{467D5068-1128-4B8C-939C-2CF15B8DAF19}.Debug|Any CPU.Build.0 = Debug|Any CPU
		{467D5068-1128-4B8C-939C-2CF15B8DAF19}.Release|Any CPU.ActiveCfg = Release|Any CPU
		{467D5068-1128-4B8C-939C-2CF15B8DAF19}.Release|Any CPU.Build.0 = Release|Any CPU
	EndGlobalSection
	GlobalSection(SolutionProperties) = preSolution
		HideSolutionNode = FALSE
	EndGlobalSection
EndGlobal
